<?xml version="1.0" encoding="UTF-8" standalone="yes" ?>
<CodeBlocks_project_file>
	<FileVersion major="1" minor="6" />
	<Project>
		<Option title="Limp" />
		<Option pch_mode="2" />
		<Option compiler="gcc" />
		<Build>
			<Target title="Debug">
				<Option output="bin/Debug/Limp" prefix_auto="1" extension_auto="1" />
				<Option object_output="obj/Debug/" />
				<Option type="1" />
				<Option compiler="gcc" />
				<Compiler>
					<Add option="-w" />
					<Add option="-g" />
				</Compiler>
			</Target>
			<Target title="Release">
				<Option output="bin/Release/Limp" prefix_auto="1" extension_auto="1" />
				<Option object_output="obj/Release/" />
				<Option type="1" />
				<Option compiler="gcc" />
				<Compiler>
					<Add option="-O2" />
				</Compiler>
				<Linker>
					<Add option="-s" />
				</Linker>
			</Target>
		</Build>
		<Compiler>
			<Add directory="header" />
			<Add directory="include" />
		</Compiler>
		<Linker>
			<Add option="-lgdi32 -lcomdlg32 -lmingw32" />
			<Add directory="lib" />
		</Linker>
		<Unit filename="header/LimpExtra/bus_std.h" />
		<Unit filename="header/LimpExtra/extra.h" />
		<Unit filename="header/LimpExtra/mmu.h" />
		<Unit filename="header/LimpExtra/peri_hd.h" />
		<Unit filename="header/LimpExtra/peri_key.h" />
		<Unit filename="header/LimpExtra/peri_stdout.h" />
		<Unit filename="header/LimpExtra/peri_vga.h" />
		<Unit filename="header/Limp/alu.h" />
		<Unit filename="header/Limp/api.h" />
		<Unit filename="header/Limp/bus.h" />
		<Unit filename="header/Limp/coproc.h" />
		<Unit filename="header/Limp/cpu.h" />
		<Unit filename="header/Limp/defines.h" />
		<Unit filename="header/Limp/instructions/format.h" />
		<Unit filename="header/Limp/instructions/opcode01.h" />
		<Unit filename="header/Limp/instructions/opcode02.h" />
		<Unit filename="header/Limp/instructions/opcode03.h" />
		<Unit filename="header/Limp/instructions/opcode04.h" />
		<Unit filename="header/Limp/instructions/opcode06.h" />
		<Unit filename="header/Limp/instructions/opcode07.h" />
		<Unit filename="header/Limp/instructions/opcode08.h" />
		<Unit filename="header/Limp/instructions/opcode09.h" />
		<Unit filename="header/Limp/instructions/opcode0A.h" />
		<Unit filename="header/Limp/instructions/opcode0B.h" />
		<Unit filename="header/Limp/instructions/opcode0C.h" />
		<Unit filename="header/Limp/instructions/opcode0D.h" />
		<Unit filename="header/Limp/instructions/opcode0E.h" />
		<Unit filename="header/Limp/instructions/opcode0F.h" />
		<Unit filename="header/Limp/instructions/opcode10.h" />
		<Unit filename="header/Limp/instructions/opcode11.h" />
		<Unit filename="header/Limp/instructions/opcode12.h" />
		<Unit filename="header/Limp/instructions/opcode13.h" />
		<Unit filename="header/Limp/instructions/opcode14.h" />
		<Unit filename="header/Limp/instructions/opcode15.h" />
		<Unit filename="header/Limp/instructions/opcode18.h" />
		<Unit filename="header/Limp/instructions/opcode19.h" />
		<Unit filename="header/Limp/instructions/opcode1A.h" />
		<Unit filename="header/Limp/instructions/opcode1B.h" />
		<Unit filename="header/Limp/instructions/opcode1C.h" />
		<Unit filename="header/Limp/instructions/opcode1D.h" />
		<Unit filename="header/Limp/instructions/opcode20.h" />
		<Unit filename="header/Limp/instructions/opcode21.h" />
		<Unit filename="header/Limp/instructions/opcode22.h" />
		<Unit filename="header/Limp/instructions/opcode23.h" />
		<Unit filename="header/Limp/instructions/opcode24.h" />
		<Unit filename="header/Limp/instructions/opcode25.h" />
		<Unit filename="header/Limp/instructions/opcode26.h" />
		<Unit filename="header/Limp/instructions/opcode27.h" />
		<Unit filename="header/Limp/instructions/opcode28.h" />
		<Unit filename="header/Limp/instructions/opcode2B.h" />
		<Unit filename="header/Limp/instructions/opcode2C.h" />
		<Unit filename="header/Limp/instructions/opcode2D.h" />
		<Unit filename="header/Limp/instructions/opcode30.h" />
		<Unit filename="header/Limp/instructions/opcode31.h" />
		<Unit filename="header/Limp/instructions/opcode32.h" />
		<Unit filename="header/Limp/instructions/opcode33.h" />
		<Unit filename="header/Limp/instructions/opcode34.h" />
		<Unit filename="header/Limp/instructions/opcode35.h" />
		<Unit filename="header/Limp/instructions/opcode36.h" />
		<Unit filename="header/Limp/instructions/opcode37.h" />
		<Unit filename="header/Limp/instructions/opcode38.h" />
		<Unit filename="header/Limp/instructions/opcode3A.h" />
		<Unit filename="header/Limp/instructions/opcode3B.h" />
		<Unit filename="header/Limp/instructions/opcode3C.h" />
		<Unit filename="header/Limp/instructions/opcode3D.h" />
		<Unit filename="header/Limp/instructions/table.h" />
		<Unit filename="header/Limp/limp.h" />
		<Unit filename="header/Limp/mmu.h" />
		<Unit filename="header/Limp/pci.h" />
		<Unit filename="header/Limp/peri.h" />
		<Unit filename="header/Limp/thread.h" />
		<Unit filename="header/Limp/time.h" />
		<Unit filename="header/Windows/display.h" />
		<Unit filename="src/LimpExtra/bus_std.c">
			<Option compilerVar="CC" />
		</Unit>
		<Unit filename="src/LimpExtra/mmu.c">
			<Option compilerVar="CC" />
		</Unit>
		<Unit filename="src/LimpExtra/peri_hd.c">
			<Option compilerVar="CC" />
		</Unit>
		<Unit filename="src/LimpExtra/peri_key.c">
			<Option compilerVar="CC" />
		</Unit>
		<Unit filename="src/LimpExtra/peri_stdout.c">
			<Option compilerVar="CC" />
		</Unit>
		<Unit filename="src/LimpExtra/peri_vga.c">
			<Option compilerVar="CC" />
		</Unit>
		<Unit filename="src/LimpExtra/vga_font.h" />
		<Unit filename="src/Limp/alu.c">
			<Option compilerVar="CC" />
		</Unit>
		<Unit filename="src/Limp/api.c">
			<Option compilerVar="CC" />
		</Unit>
		<Unit filename="src/Limp/bus.c">
			<Option compilerVar="CC" />
		</Unit>
		<Unit filename="src/Limp/coproc.c">
			<Option compilerVar="CC" />
		</Unit>
		<Unit filename="src/Limp/cpu.c">
			<Option compilerVar="CC" />
		</Unit>
		<Unit filename="src/Limp/instructions/opcode01.c">
			<Option compilerVar="CC" />
		</Unit>
		<Unit filename="src/Limp/instructions/opcode02.c">
			<Option compilerVar="CC" />
		</Unit>
		<Unit filename="src/Limp/instructions/opcode03.c">
			<Option compilerVar="CC" />
		</Unit>
		<Unit filename="src/Limp/instructions/opcode04.c">
			<Option compilerVar="CC" />
		</Unit>
		<Unit filename="src/Limp/instructions/opcode06.c">
			<Option compilerVar="CC" />
		</Unit>
		<Unit filename="src/Limp/instructions/opcode07.c">
			<Option compilerVar="CC" />
		</Unit>
		<Unit filename="src/Limp/instructions/opcode08.c">
			<Option compilerVar="CC" />
		</Unit>
		<Unit filename="src/Limp/instructions/opcode09.c">
			<Option compilerVar="CC" />
		</Unit>
		<Unit filename="src/Limp/instructions/opcode0A.c">
			<Option compilerVar="CC" />
		</Unit>
		<Unit filename="src/Limp/instructions/opcode0B.c">
			<Option compilerVar="CC" />
		</Unit>
		<Unit filename="src/Limp/instructions/opcode0C.c">
			<Option compilerVar="CC" />
		</Unit>
		<Unit filename="src/Limp/instructions/opcode0D.c">
			<Option compilerVar="CC" />
		</Unit>
		<Unit filename="src/Limp/instructions/opcode0E.c">
			<Option compilerVar="CC" />
		</Unit>
		<Unit filename="src/Limp/instructions/opcode0F.c">
			<Option compilerVar="CC" />
		</Unit>
		<Unit filename="src/Limp/instructions/opcode10.c">
			<Option compilerVar="CC" />
		</Unit>
		<Unit filename="src/Limp/instructions/opcode11.c">
			<Option compilerVar="CC" />
		</Unit>
		<Unit filename="src/Limp/instructions/opcode12.c">
			<Option compilerVar="CC" />
		</Unit>
		<Unit filename="src/Limp/instructions/opcode13.c">
			<Option compilerVar="CC" />
		</Unit>
		<Unit filename="src/Limp/instructions/opcode14.c">
			<Option compilerVar="CC" />
		</Unit>
		<Unit filename="src/Limp/instructions/opcode15.c">
			<Option compilerVar="CC" />
		</Unit>
		<Unit filename="src/Limp/instructions/opcode18.c">
			<Option compilerVar="CC" />
		</Unit>
		<Unit filename="src/Limp/instructions/opcode19.c">
			<Option compilerVar="CC" />
		</Unit>
		<Unit filename="src/Limp/instructions/opcode1A.c">
			<Option compilerVar="CC" />
		</Unit>
		<Unit filename="src/Limp/instructions/opcode1B.c">
			<Option compilerVar="CC" />
		</Unit>
		<Unit filename="src/Limp/instructions/opcode1C.c">
			<Option compilerVar="CC" />
		</Unit>
		<Unit filename="src/Limp/instructions/opcode1D.c">
			<Option compilerVar="CC" />
		</Unit>
		<Unit filename="src/Limp/instructions/opcode20.c">
			<Option compilerVar="CC" />
		</Unit>
		<Unit filename="src/Limp/instructions/opcode21.c">
			<Option compilerVar="CC" />
		</Unit>
		<Unit filename="src/Limp/instructions/opcode22.c">
			<Option compilerVar="CC" />
		</Unit>
		<Unit filename="src/Limp/instructions/opcode23.c">
			<Option compilerVar="CC" />
		</Unit>
		<Unit filename="src/Limp/instructions/opcode24.c">
			<Option compilerVar="CC" />
		</Unit>
		<Unit filename="src/Limp/instructions/opcode25.c">
			<Option compilerVar="CC" />
		</Unit>
		<Unit filename="src/Limp/instructions/opcode26.c">
			<Option compilerVar="CC" />
		</Unit>
		<Unit filename="src/Limp/instructions/opcode27.c">
			<Option compilerVar="CC" />
		</Unit>
		<Unit filename="src/Limp/instructions/opcode28.c">
			<Option compilerVar="CC" />
		</Unit>
		<Unit filename="src/Limp/instructions/opcode2B.c">
			<Option compilerVar="CC" />
		</Unit>
		<Unit filename="src/Limp/instructions/opcode2C.c">
			<Option compilerVar="CC" />
		</Unit>
		<Unit filename="src/Limp/instructions/opcode2D.c">
			<Option compilerVar="CC" />
		</Unit>
		<Unit filename="src/Limp/instructions/opcode30.c">
			<Option compilerVar="CC" />
		</Unit>
		<Unit filename="src/Limp/instructions/opcode31.c">
			<Option compilerVar="CC" />
		</Unit>
		<Unit filename="src/Limp/instructions/opcode32.c">
			<Option compilerVar="CC" />
		</Unit>
		<Unit filename="src/Limp/instructions/opcode33.c">
			<Option compilerVar="CC" />
		</Unit>
		<Unit filename="src/Limp/instructions/opcode34.c">
			<Option compilerVar="CC" />
		</Unit>
		<Unit filename="src/Limp/instructions/opcode35.c">
			<Option compilerVar="CC" />
		</Unit>
		<Unit filename="src/Limp/instructions/opcode36.c">
			<Option compilerVar="CC" />
		</Unit>
		<Unit filename="src/Limp/instructions/opcode37.c">
			<Option compilerVar="CC" />
		</Unit>
		<Unit filename="src/Limp/instructions/opcode38.c">
			<Option compilerVar="CC" />
		</Unit>
		<Unit filename="src/Limp/instructions/opcode3A.c">
			<Option compilerVar="CC" />
		</Unit>
		<Unit filename="src/Limp/instructions/opcode3B.c">
			<Option compilerVar="CC" />
		</Unit>
		<Unit filename="src/Limp/instructions/opcode3C.c">
			<Option compilerVar="CC" />
		</Unit>
		<Unit filename="src/Limp/instructions/opcode3D.c">
			<Option compilerVar="CC" />
		</Unit>
		<Unit filename="src/Limp/instructions/table.c">
			<Option compilerVar="CC" />
		</Unit>
		<Unit filename="src/Limp/pci.c">
			<Option compilerVar="CC" />
		</Unit>
		<Unit filename="src/Limp/peri.c">
			<Option compilerVar="CC" />
		</Unit>
		<Unit filename="src/Limp/thread.c">
			<Option compilerVar="CC" />
		</Unit>
		<Unit filename="src/Limp/time.c">
			<Option compilerVar="CC" />
		</Unit>
		<Unit filename="src/Windows/display.c">
			<Option compilerVar="CC" />
		</Unit>
		<Unit filename="src/gui.h" />
		<Unit filename="src/guil.old.h" />
		<Unit filename="src/main.c">
			<Option compilerVar="CC" />
		</Unit>
		<Unit filename="src/test.h" />
		<Extensions>
			<lib_finder disable_auto="1" />
		</Extensions>
	</Project>
</CodeBlocks_project_file>
